
Microsoft Visual Studio Solution File, Format Version 12.00
# Visual Studio Version 16
VisualStudioVersion = 16.0.31702.278
MinimumVisualStudioVersion = 10.0.40219.1
Project("{FAE04EC0-301F-11D3-BF4B-00C04F79EFBC}") = "Cercel_Roxana-Madalina_Lab2", "Cercel_Roxana-Madalina_Lab2.csproj", "{80FBF3CD-C522-413E-904D-38FF3FD52301}"
EndProject
Global
	GlobalSection(SolutionConfigurationPlatforms) = preSolution
		Debug|Any CPU = Debug|Any CPU
		Release|Any CPU = Release|Any CPU
	EndGlobalSection
	GlobalSection(ProjectConfigurationPlatforms) = postSolution
		{80FBF3CD-C522-413E-904D-38FF3FD52301}.Debug|Any CPU.ActiveCfg = Debug|Any CPU
		{80FBF3CD-C522-413E-904D-38FF3FD52301}.Debug|Any CPU.Build.0 = Debug|Any CPU
		{80FBF3CD-C522-413E-904D-38FF3FD52301}.Release|Any CPU.ActiveCfg = Release|Any CPU
		{80FBF3CD-C522-413E-904D-38FF3FD52301}.Release|Any CPU.Build.0 = Release|Any CPU
	EndGlobalSection
	GlobalSection(SolutionProperties) = preSolution
		HideSolutionNode = FALSE
	EndGlobalSection
	GlobalSection(ExtensibilityGlobals) = postSolution
		SolutionGuid = {BD014C94-A34C-4DB4-B76C-631E52E406D4}
	EndGlobalSection
EndGlobal
